// !$*UTF8*$!
{
	archiveVersion = 1;
	classes = {
	};
	objectVersion = 56;
	objects = {

/* Begin PBXBuildFile section */
		F44D3F2629ACEEAC00EB4A25 /* AppDelegate.swift in Sources */ = {isa = PBXBuildFile; fileRef = F44D3F2529ACEEAC00EB4A25 /* AppDelegate.swift */; };
		F44D3F2829ACEEAC00EB4A25 /* SceneDelegate.swift in Sources */ = {isa = PBXBuildFile; fileRef = F44D3F2729ACEEAC00EB4A25 /* SceneDelegate.swift */; };
		F44D3F2F29ACEEB400EB4A25 /* Assets.xcassets in Resources */ = {isa = PBXBuildFile; fileRef = F44D3F2E29ACEEB400EB4A25 /* Assets.xcassets */; };
		F44D3F3229ACEEB400EB4A25 /* LaunchScreen.storyboard in Resources */ = {isa = PBXBuildFile; fileRef = F44D3F3029ACEEB400EB4A25 /* LaunchScreen.storyboard */; };
		F44D3F3D29ACEEB400EB4A25 /* GBShopTests.swift in Sources */ = {isa = PBXBuildFile; fileRef = F44D3F3C29ACEEB400EB4A25 /* GBShopTests.swift */; };
		F44D3F4729ACEEB400EB4A25 /* GBShopUITests.swift in Sources */ = {isa = PBXBuildFile; fileRef = F44D3F4629ACEEB400EB4A25 /* GBShopUITests.swift */; };
		F44D3F4929ACEEB400EB4A25 /* GBShopUITestsLaunchTests.swift in Sources */ = {isa = PBXBuildFile; fileRef = F44D3F4829ACEEB400EB4A25 /* GBShopUITestsLaunchTests.swift */; };
		F44D3F6029B0F3B100EB4A25 /* AbstractErrorParser.swift in Sources */ = {isa = PBXBuildFile; fileRef = F44D3F5F29B0F3B100EB4A25 /* AbstractErrorParser.swift */; };
		F44D3F6229B0F3C800EB4A25 /* ErrorParser.swift in Sources */ = {isa = PBXBuildFile; fileRef = F44D3F6129B0F3C800EB4A25 /* ErrorParser.swift */; };
		F44D3F6429B0F3DD00EB4A25 /* ResponseCodable.swift in Sources */ = {isa = PBXBuildFile; fileRef = F44D3F6329B0F3DD00EB4A25 /* ResponseCodable.swift */; };
		F44D3F6629B0F3F500EB4A25 /* AbstractRequestFactory.swift in Sources */ = {isa = PBXBuildFile; fileRef = F44D3F6529B0F3F500EB4A25 /* AbstractRequestFactory.swift */; };
		F44D3F6829B0F40A00EB4A25 /* RequestRouter.swift in Sources */ = {isa = PBXBuildFile; fileRef = F44D3F6729B0F40A00EB4A25 /* RequestRouter.swift */; };
		F44D3F6B29B0F46E00EB4A25 /* AuthRequestFactory.swift in Sources */ = {isa = PBXBuildFile; fileRef = F44D3F6A29B0F46E00EB4A25 /* AuthRequestFactory.swift */; };
		F44D3F6D29B0F48100EB4A25 /* RegistrationAndDataChangesFactory.swift in Sources */ = {isa = PBXBuildFile; fileRef = F44D3F6C29B0F48100EB4A25 /* RegistrationAndDataChangesFactory.swift */; };
		F44D3F6F29B0F49300EB4A25 /* ProductsRequestFactory.swift in Sources */ = {isa = PBXBuildFile; fileRef = F44D3F6E29B0F49300EB4A25 /* ProductsRequestFactory.swift */; };
		F44D3F7129B0F4A800EB4A25 /* RequestFactory.swift in Sources */ = {isa = PBXBuildFile; fileRef = F44D3F7029B0F4A800EB4A25 /* RequestFactory.swift */; };
		F44D3F7329B0F4BA00EB4A25 /* Auth.swift in Sources */ = {isa = PBXBuildFile; fileRef = F44D3F7229B0F4BA00EB4A25 /* Auth.swift */; };
		F44D3F7529B0F4CD00EB4A25 /* RegistrationAndChanges.swift in Sources */ = {isa = PBXBuildFile; fileRef = F44D3F7429B0F4CD00EB4A25 /* RegistrationAndChanges.swift */; };
		F44D3F7729B0F4E900EB4A25 /* ProductsRequests.swift in Sources */ = {isa = PBXBuildFile; fileRef = F44D3F7629B0F4E900EB4A25 /* ProductsRequests.swift */; };
		F44D3F7929B0F50E00EB4A25 /* LoginResult.swift in Sources */ = {isa = PBXBuildFile; fileRef = F44D3F7829B0F50E00EB4A25 /* LoginResult.swift */; };
		F44D3F7B29B0F51F00EB4A25 /* LogoutResult.swift in Sources */ = {isa = PBXBuildFile; fileRef = F44D3F7A29B0F51F00EB4A25 /* LogoutResult.swift */; };
		F44D3F7D29B0F53000EB4A25 /* User.swift in Sources */ = {isa = PBXBuildFile; fileRef = F44D3F7C29B0F53000EB4A25 /* User.swift */; };
		F44D3F7F29B0F54300EB4A25 /* RegistrationUserResult.swift in Sources */ = {isa = PBXBuildFile; fileRef = F44D3F7E29B0F54300EB4A25 /* RegistrationUserResult.swift */; };
		F44D3F8129B0F55600EB4A25 /* ChangeUserDataResult.swift in Sources */ = {isa = PBXBuildFile; fileRef = F44D3F8029B0F55600EB4A25 /* ChangeUserDataResult.swift */; };
		F44D3F8329B0F56900EB4A25 /* ProductList.swift in Sources */ = {isa = PBXBuildFile; fileRef = F44D3F8229B0F56900EB4A25 /* ProductList.swift */; };
		F44D3F8529B0F57C00EB4A25 /* Product.swift in Sources */ = {isa = PBXBuildFile; fileRef = F44D3F8429B0F57C00EB4A25 /* Product.swift */; };
		F44D3F8729B0F59C00EB4A25 /* ViewController.swift in Sources */ = {isa = PBXBuildFile; fileRef = F44D3F8629B0F59C00EB4A25 /* ViewController.swift */; };
		F44D3F8A29B0F6E800EB4A25 /* Alamofire in Frameworks */ = {isa = PBXBuildFile; productRef = F44D3F8929B0F6E800EB4A25 /* Alamofire */; };
/* End PBXBuildFile section */

/* Begin PBXContainerItemProxy section */
		F44D3F3929ACEEB400EB4A25 /* PBXContainerItemProxy */ = {
			isa = PBXContainerItemProxy;
			containerPortal = F44D3F1A29ACEEAC00EB4A25 /* Project object */;
			proxyType = 1;
			remoteGlobalIDString = F44D3F2129ACEEAC00EB4A25;
			remoteInfo = GBShop;
		};
		F44D3F4329ACEEB400EB4A25 /* PBXContainerItemProxy */ = {
			isa = PBXContainerItemProxy;
			containerPortal = F44D3F1A29ACEEAC00EB4A25 /* Project object */;
			proxyType = 1;
			remoteGlobalIDString = F44D3F2129ACEEAC00EB4A25;
			remoteInfo = GBShop;
		};
/* End PBXContainerItemProxy section */

/* Begin PBXFileReference section */
		F44D3F2229ACEEAC00EB4A25 /* GBShop.app */ = {isa = PBXFileReference; explicitFileType = wrapper.application; includeInIndex = 0; path = GBShop.app; sourceTree = BUILT_PRODUCTS_DIR; };
		F44D3F2529ACEEAC00EB4A25 /* AppDelegate.swift */ = {isa = PBXFileReference; lastKnownFileType = sourcecode.swift; path = AppDelegate.swift; sourceTree = "<group>"; };
		F44D3F2729ACEEAC00EB4A25 /* SceneDelegate.swift */ = {isa = PBXFileReference; lastKnownFileType = sourcecode.swift; path = SceneDelegate.swift; sourceTree = "<group>"; };
		F44D3F2E29ACEEB400EB4A25 /* Assets.xcassets */ = {isa = PBXFileReference; lastKnownFileType = folder.assetcatalog; path = Assets.xcassets; sourceTree = "<group>"; };
		F44D3F3129ACEEB400EB4A25 /* Base */ = {isa = PBXFileReference; lastKnownFileType = file.storyboard; name = Base; path = Base.lproj/LaunchScreen.storyboard; sourceTree = "<group>"; };
		F44D3F3329ACEEB400EB4A25 /* Info.plist */ = {isa = PBXFileReference; lastKnownFileType = text.plist.xml; path = Info.plist; sourceTree = "<group>"; };
		F44D3F3829ACEEB400EB4A25 /* GBShopTests.xctest */ = {isa = PBXFileReference; explicitFileType = wrapper.cfbundle; includeInIndex = 0; path = GBShopTests.xctest; sourceTree = BUILT_PRODUCTS_DIR; };
		F44D3F3C29ACEEB400EB4A25 /* GBShopTests.swift */ = {isa = PBXFileReference; lastKnownFileType = sourcecode.swift; path = GBShopTests.swift; sourceTree = "<group>"; };
		F44D3F4229ACEEB400EB4A25 /* GBShopUITests.xctest */ = {isa = PBXFileReference; explicitFileType = wrapper.cfbundle; includeInIndex = 0; path = GBShopUITests.xctest; sourceTree = BUILT_PRODUCTS_DIR; };
		F44D3F4629ACEEB400EB4A25 /* GBShopUITests.swift */ = {isa = PBXFileReference; lastKnownFileType = sourcecode.swift; path = GBShopUITests.swift; sourceTree = "<group>"; };
		F44D3F4829ACEEB400EB4A25 /* GBShopUITestsLaunchTests.swift */ = {isa = PBXFileReference; lastKnownFileType = sourcecode.swift; path = GBShopUITestsLaunchTests.swift; sourceTree = "<group>"; };
		F44D3F5F29B0F3B100EB4A25 /* AbstractErrorParser.swift */ = {isa = PBXFileReference; lastKnownFileType = sourcecode.swift; path = AbstractErrorParser.swift; sourceTree = "<group>"; };
		F44D3F6129B0F3C800EB4A25 /* ErrorParser.swift */ = {isa = PBXFileReference; lastKnownFileType = sourcecode.swift; path = ErrorParser.swift; sourceTree = "<group>"; };
		F44D3F6329B0F3DD00EB4A25 /* ResponseCodable.swift */ = {isa = PBXFileReference; lastKnownFileType = sourcecode.swift; path = ResponseCodable.swift; sourceTree = "<group>"; };
		F44D3F6529B0F3F500EB4A25 /* AbstractRequestFactory.swift */ = {isa = PBXFileReference; lastKnownFileType = sourcecode.swift; path = AbstractRequestFactory.swift; sourceTree = "<group>"; };
		F44D3F6729B0F40A00EB4A25 /* RequestRouter.swift */ = {isa = PBXFileReference; lastKnownFileType = sourcecode.swift; path = RequestRouter.swift; sourceTree = "<group>"; };
		F44D3F6A29B0F46E00EB4A25 /* AuthRequestFactory.swift */ = {isa = PBXFileReference; lastKnownFileType = sourcecode.swift; path = AuthRequestFactory.swift; sourceTree = "<group>"; };
		F44D3F6C29B0F48100EB4A25 /* RegistrationAndDataChangesFactory.swift */ = {isa = PBXFileReference; lastKnownFileType = sourcecode.swift; path = RegistrationAndDataChangesFactory.swift; sourceTree = "<group>"; };
		F44D3F6E29B0F49300EB4A25 /* ProductsRequestFactory.swift */ = {isa = PBXFileReference; lastKnownFileType = sourcecode.swift; path = ProductsRequestFactory.swift; sourceTree = "<group>"; };
		F44D3F7029B0F4A800EB4A25 /* RequestFactory.swift */ = {isa = PBXFileReference; lastKnownFileType = sourcecode.swift; path = RequestFactory.swift; sourceTree = "<group>"; };
		F44D3F7229B0F4BA00EB4A25 /* Auth.swift */ = {isa = PBXFileReference; lastKnownFileType = sourcecode.swift; path = Auth.swift; sourceTree = "<group>"; };
		F44D3F7429B0F4CD00EB4A25 /* RegistrationAndChanges.swift */ = {isa = PBXFileReference; lastKnownFileType = sourcecode.swift; path = RegistrationAndChanges.swift; sourceTree = "<group>"; };
		F44D3F7629B0F4E900EB4A25 /* ProductsRequests.swift */ = {isa = PBXFileReference; lastKnownFileType = sourcecode.swift; path = ProductsRequests.swift; sourceTree = "<group>"; };
		F44D3F7829B0F50E00EB4A25 /* LoginResult.swift */ = {isa = PBXFileReference; lastKnownFileType = sourcecode.swift; path = LoginResult.swift; sourceTree = "<group>"; };
		F44D3F7A29B0F51F00EB4A25 /* LogoutResult.swift */ = {isa = PBXFileReference; lastKnownFileType = sourcecode.swift; path = LogoutResult.swift; sourceTree = "<group>"; };
		F44D3F7C29B0F53000EB4A25 /* User.swift */ = {isa = PBXFileReference; lastKnownFileType = sourcecode.swift; path = User.swift; sourceTree = "<group>"; };
		F44D3F7E29B0F54300EB4A25 /* RegistrationUserResult.swift */ = {isa = PBXFileReference; lastKnownFileType = sourcecode.swift; path = RegistrationUserResult.swift; sourceTree = "<group>"; };
		F44D3F8029B0F55600EB4A25 /* ChangeUserDataResult.swift */ = {isa = PBXFileReference; lastKnownFileType = sourcecode.swift; path = ChangeUserDataResult.swift; sourceTree = "<group>"; };
		F44D3F8229B0F56900EB4A25 /* ProductList.swift */ = {isa = PBXFileReference; lastKnownFileType = sourcecode.swift; path = ProductList.swift; sourceTree = "<group>"; };
		F44D3F8429B0F57C00EB4A25 /* Product.swift */ = {isa = PBXFileReference; lastKnownFileType = sourcecode.swift; path = Product.swift; sourceTree = "<group>"; };
		F44D3F8629B0F59C00EB4A25 /* ViewController.swift */ = {isa = PBXFileReference; lastKnownFileType = sourcecode.swift; path = ViewController.swift; sourceTree = "<group>"; };
/* End PBXFileReference section */

/* Begin PBXFrameworksBuildPhase section */
		F44D3F1F29ACEEAC00EB4A25 /* Frameworks */ = {
			isa = PBXFrameworksBuildPhase;
			buildActionMask = 2147483647;
			files = (
				F44D3F8A29B0F6E800EB4A25 /* Alamofire in Frameworks */,
			);
			runOnlyForDeploymentPostprocessing = 0;
		};
		F44D3F3529ACEEB400EB4A25 /* Frameworks */ = {
			isa = PBXFrameworksBuildPhase;
			buildActionMask = 2147483647;
			files = (
			);
			runOnlyForDeploymentPostprocessing = 0;
		};
		F44D3F3F29ACEEB400EB4A25 /* Frameworks */ = {
			isa = PBXFrameworksBuildPhase;
			buildActionMask = 2147483647;
			files = (
			);
			runOnlyForDeploymentPostprocessing = 0;
		};
/* End PBXFrameworksBuildPhase section */

/* Begin PBXGroup section */
		F44D3F1929ACEEAC00EB4A25 = {
			isa = PBXGroup;
			children = (
				F44D3F2429ACEEAC00EB4A25 /* GBShop */,
				F44D3F3B29ACEEB400EB4A25 /* GBShopTests */,
				F44D3F4529ACEEB400EB4A25 /* GBShopUITests */,
				F44D3F2329ACEEAC00EB4A25 /* Products */,
			);
			sourceTree = "<group>";
		};
		F44D3F2329ACEEAC00EB4A25 /* Products */ = {
			isa = PBXGroup;
			children = (
				F44D3F2229ACEEAC00EB4A25 /* GBShop.app */,
				F44D3F3829ACEEB400EB4A25 /* GBShopTests.xctest */,
				F44D3F4229ACEEB400EB4A25 /* GBShopUITests.xctest */,
			);
			name = Products;
			sourceTree = "<group>";
		};
		F44D3F2429ACEEAC00EB4A25 /* GBShop */ = {
			isa = PBXGroup;
			children = (
				F44D3F5529ACF09A00EB4A25 /* App */,
				F44D3F5B29ACF19000EB4A25 /* Resources */,
				F44D3F5C29ACF19A00EB4A25 /* Environments */,
				F44D3F5D29ACF4E600EB4A25 /* Core */,
			);
			path = GBShop;
			sourceTree = "<group>";
		};
		F44D3F3B29ACEEB400EB4A25 /* GBShopTests */ = {
			isa = PBXGroup;
			children = (
				F44D3F3C29ACEEB400EB4A25 /* GBShopTests.swift */,
			);
			path = GBShopTests;
			sourceTree = "<group>";
		};
		F44D3F4529ACEEB400EB4A25 /* GBShopUITests */ = {
			isa = PBXGroup;
			children = (
				F44D3F4629ACEEB400EB4A25 /* GBShopUITests.swift */,
				F44D3F4829ACEEB400EB4A25 /* GBShopUITestsLaunchTests.swift */,
			);
			path = GBShopUITests;
			sourceTree = "<group>";
		};
		F44D3F5529ACF09A00EB4A25 /* App */ = {
			isa = PBXGroup;
			children = (
				F44D3F2729ACEEAC00EB4A25 /* SceneDelegate.swift */,
				F44D3F2529ACEEAC00EB4A25 /* AppDelegate.swift */,
				F44D3F5729ACF13300EB4A25 /* Entity */,
				F44D3F5629ACF12500EB4A25 /* BusinessLogic */,
				F44D3F5929ACF15A00EB4A25 /* Flows */,
				F44D3F5829ACF14D00EB4A25 /* Assembly */,
			);
			path = App;
			sourceTree = "<group>";
		};
		F44D3F5629ACF12500EB4A25 /* BusinessLogic */ = {
			isa = PBXGroup;
			children = (
				F44D3F6929B0F45900EB4A25 /* Network */,
			);
			path = BusinessLogic;
			sourceTree = "<group>";
		};
		F44D3F5729ACF13300EB4A25 /* Entity */ = {
			isa = PBXGroup;
			children = (
				F44D3F7829B0F50E00EB4A25 /* LoginResult.swift */,
				F44D3F7A29B0F51F00EB4A25 /* LogoutResult.swift */,
				F44D3F7C29B0F53000EB4A25 /* User.swift */,
				F44D3F7E29B0F54300EB4A25 /* RegistrationUserResult.swift */,
				F44D3F8229B0F56900EB4A25 /* ProductList.swift */,
				F44D3F8429B0F57C00EB4A25 /* Product.swift */,
				F44D3F8029B0F55600EB4A25 /* ChangeUserDataResult.swift */,
			);
			path = Entity;
			sourceTree = "<group>";
		};
		F44D3F5829ACF14D00EB4A25 /* Assembly */ = {
			isa = PBXGroup;
			children = (
			);
			path = Assembly;
			sourceTree = "<group>";
		};
		F44D3F5929ACF15A00EB4A25 /* Flows */ = {
			isa = PBXGroup;
			children = (
				F44D3F8629B0F59C00EB4A25 /* ViewController.swift */,
			);
			path = Flows;
			sourceTree = "<group>";
		};
		F44D3F5B29ACF19000EB4A25 /* Resources */ = {
			isa = PBXGroup;
			children = (
				F44D3F3029ACEEB400EB4A25 /* LaunchScreen.storyboard */,
				F44D3F2E29ACEEB400EB4A25 /* Assets.xcassets */,
			);
			path = Resources;
			sourceTree = "<group>";
		};
		F44D3F5C29ACF19A00EB4A25 /* Environments */ = {
			isa = PBXGroup;
			children = (
				F44D3F3329ACEEB400EB4A25 /* Info.plist */,
			);
			path = Environments;
			sourceTree = "<group>";
		};
		F44D3F5D29ACF4E600EB4A25 /* Core */ = {
			isa = PBXGroup;
			children = (
				F44D3F5E29B0F28A00EB4A25 /* Network */,
			);
			path = Core;
			sourceTree = "<group>";
		};
		F44D3F5E29B0F28A00EB4A25 /* Network */ = {
			isa = PBXGroup;
			children = (
				F44D3F5F29B0F3B100EB4A25 /* AbstractErrorParser.swift */,
				F44D3F6129B0F3C800EB4A25 /* ErrorParser.swift */,
				F44D3F6329B0F3DD00EB4A25 /* ResponseCodable.swift */,
				F44D3F6529B0F3F500EB4A25 /* AbstractRequestFactory.swift */,
				F44D3F6729B0F40A00EB4A25 /* RequestRouter.swift */,
			);
			path = Network;
			sourceTree = "<group>";
		};
		F44D3F6929B0F45900EB4A25 /* Network */ = {
			isa = PBXGroup;
			children = (
				F44D3F6A29B0F46E00EB4A25 /* AuthRequestFactory.swift */,
				F44D3F6C29B0F48100EB4A25 /* RegistrationAndDataChangesFactory.swift */,
				F44D3F6E29B0F49300EB4A25 /* ProductsRequestFactory.swift */,
				F44D3F7029B0F4A800EB4A25 /* RequestFactory.swift */,
				F44D3F7229B0F4BA00EB4A25 /* Auth.swift */,
				F44D3F7429B0F4CD00EB4A25 /* RegistrationAndChanges.swift */,
				F44D3F7629B0F4E900EB4A25 /* ProductsRequests.swift */,
			);
			path = Network;
			sourceTree = "<group>";
		};
/* End PBXGroup section */

/* Begin PBXNativeTarget section */
		F44D3F2129ACEEAC00EB4A25 /* GBShop */ = {
			isa = PBXNativeTarget;
			buildConfigurationList = F44D3F4C29ACEEB400EB4A25 /* Build configuration list for PBXNativeTarget "GBShop" */;
			buildPhases = (
				F44D3F1E29ACEEAC00EB4A25 /* Sources */,
				F44D3F1F29ACEEAC00EB4A25 /* Frameworks */,
				F44D3F2029ACEEAC00EB4A25 /* Resources */,
			);
			buildRules = (
			);
			dependencies = (
			);
			name = GBShop;
			packageProductDependencies = (
				F44D3F8929B0F6E800EB4A25 /* Alamofire */,
			);
			productName = GBShop;
			productReference = F44D3F2229ACEEAC00EB4A25 /* GBShop.app */;
			productType = "com.apple.product-type.application";
		};
		F44D3F3729ACEEB400EB4A25 /* GBShopTests */ = {
			isa = PBXNativeTarget;
			buildConfigurationList = F44D3F4F29ACEEB400EB4A25 /* Build configuration list for PBXNativeTarget "GBShopTests" */;
			buildPhases = (
				F44D3F3429ACEEB400EB4A25 /* Sources */,
				F44D3F3529ACEEB400EB4A25 /* Frameworks */,
				F44D3F3629ACEEB400EB4A25 /* Resources */,
			);
			buildRules = (
			);
			dependencies = (
				F44D3F3A29ACEEB400EB4A25 /* PBXTargetDependency */,
			);
			name = GBShopTests;
			productName = GBShopTests;
			productReference = F44D3F3829ACEEB400EB4A25 /* GBShopTests.xctest */;
			productType = "com.apple.product-type.bundle.unit-test";
		};
		F44D3F4129ACEEB400EB4A25 /* GBShopUITests */ = {
			isa = PBXNativeTarget;
			buildConfigurationList = F44D3F5229ACEEB400EB4A25 /* Build configuration list for PBXNativeTarget "GBShopUITests" */;
			buildPhases = (
				F44D3F3E29ACEEB400EB4A25 /* Sources */,
				F44D3F3F29ACEEB400EB4A25 /* Frameworks */,
				F44D3F4029ACEEB400EB4A25 /* Resources */,
			);
			buildRules = (
			);
			dependencies = (
				F44D3F4429ACEEB400EB4A25 /* PBXTargetDependency */,
			);
			name = GBShopUITests;
			productName = GBShopUITests;
			productReference = F44D3F4229ACEEB400EB4A25 /* GBShopUITests.xctest */;
			productType = "com.apple.product-type.bundle.ui-testing";
		};
/* End PBXNativeTarget section */

/* Begin PBXProject section */
		F44D3F1A29ACEEAC00EB4A25 /* Project object */ = {
			isa = PBXProject;
			attributes = {
				BuildIndependentTargetsInParallel = 1;
				LastSwiftUpdateCheck = 1410;
				LastUpgradeCheck = 1410;
				TargetAttributes = {
					F44D3F2129ACEEAC00EB4A25 = {
						CreatedOnToolsVersion = 14.1;
					};
					F44D3F3729ACEEB400EB4A25 = {
						CreatedOnToolsVersion = 14.1;
						TestTargetID = F44D3F2129ACEEAC00EB4A25;
					};
					F44D3F4129ACEEB400EB4A25 = {
						CreatedOnToolsVersion = 14.1;
						TestTargetID = F44D3F2129ACEEAC00EB4A25;
					};
				};
			};
			buildConfigurationList = F44D3F1D29ACEEAC00EB4A25 /* Build configuration list for PBXProject "GBShop" */;
			compatibilityVersion = "Xcode 14.0";
			developmentRegion = en;
			hasScannedForEncodings = 0;
			knownRegions = (
				en,
				Base,
			);
			mainGroup = F44D3F1929ACEEAC00EB4A25;
			packageReferences = (
				F44D3F8829B0F6E800EB4A25 /* XCRemoteSwiftPackageReference "Alamofire" */,
			);
			productRefGroup = F44D3F2329ACEEAC00EB4A25 /* Products */;
			projectDirPath = "";
			projectRoot = "";
			targets = (
				F44D3F2129ACEEAC00EB4A25 /* GBShop */,
				F44D3F3729ACEEB400EB4A25 /* GBShopTests */,
				F44D3F4129ACEEB400EB4A25 /* GBShopUITests */,
			);
		};
/* End PBXProject section */

/* Begin PBXResourcesBuildPhase section */
		F44D3F2029ACEEAC00EB4A25 /* Resources */ = {
			isa = PBXResourcesBuildPhase;
			buildActionMask = 2147483647;
			files = (
				F44D3F3229ACEEB400EB4A25 /* LaunchScreen.storyboard in Resources */,
				F44D3F2F29ACEEB400EB4A25 /* Assets.xcassets in Resources */,
			);
			runOnlyForDeploymentPostprocessing = 0;
		};
		F44D3F3629ACEEB400EB4A25 /* Resources */ = {
			isa = PBXResourcesBuildPhase;
			buildActionMask = 2147483647;
			files = (
			);
			runOnlyForDeploymentPostprocessing = 0;
		};
		F44D3F4029ACEEB400EB4A25 /* Resources */ = {
			isa = PBXResourcesBuildPhase;
			buildActionMask = 2147483647;
			files = (
			);
			runOnlyForDeploymentPostprocessing = 0;
		};
/* End PBXResourcesBuildPhase section */

/* Begin PBXSourcesBuildPhase section */
		F44D3F1E29ACEEAC00EB4A25 /* Sources */ = {
			isa = PBXSourcesBuildPhase;
			buildActionMask = 2147483647;
			files = (
				F44D3F7129B0F4A800EB4A25 /* RequestFactory.swift in Sources */,
				F44D3F8329B0F56900EB4A25 /* ProductList.swift in Sources */,
				F44D3F6029B0F3B100EB4A25 /* AbstractErrorParser.swift in Sources */,
				F44D3F6429B0F3DD00EB4A25 /* ResponseCodable.swift in Sources */,
				F44D3F8729B0F59C00EB4A25 /* ViewController.swift in Sources */,
				F44D3F6829B0F40A00EB4A25 /* RequestRouter.swift in Sources */,
				F44D3F7529B0F4CD00EB4A25 /* RegistrationAndChanges.swift in Sources */,
				F44D3F2629ACEEAC00EB4A25 /* AppDelegate.swift in Sources */,
				F44D3F7B29B0F51F00EB4A25 /* LogoutResult.swift in Sources */,
				F44D3F7D29B0F53000EB4A25 /* User.swift in Sources */,
				F44D3F7F29B0F54300EB4A25 /* RegistrationUserResult.swift in Sources */,
				F44D3F2829ACEEAC00EB4A25 /* SceneDelegate.swift in Sources */,
				F44D3F6629B0F3F500EB4A25 /* AbstractRequestFactory.swift in Sources */,
				F44D3F6D29B0F48100EB4A25 /* RegistrationAndDataChangesFactory.swift in Sources */,
				F44D3F8129B0F55600EB4A25 /* ChangeUserDataResult.swift in Sources */,
				F44D3F6B29B0F46E00EB4A25 /* AuthRequestFactory.swift in Sources */,
				F44D3F6F29B0F49300EB4A25 /* ProductsRequestFactory.swift in Sources */,
				F44D3F7729B0F4E900EB4A25 /* ProductsRequests.swift in Sources */,
				F44D3F7929B0F50E00EB4A25 /* LoginResult.swift in Sources */,
				F44D3F6229B0F3C800EB4A25 /* ErrorParser.swift in Sources */,
				F44D3F7329B0F4BA00EB4A25 /* Auth.swift in Sources */,
				F44D3F8529B0F57C00EB4A25 /* Product.swift in Sources */,
			);
			runOnlyForDeploymentPostprocessing = 0;
		};
		F44D3F3429ACEEB400EB4A25 /* Sources */ = {
			isa = PBXSourcesBuildPhase;
			buildActionMask = 2147483647;
			files = (
				F44D3F3D29ACEEB400EB4A25 /* GBShopTests.swift in Sources */,
			);
			runOnlyForDeploymentPostprocessing = 0;
		};
		F44D3F3E29ACEEB400EB4A25 /* Sources */ = {
			isa = PBXSourcesBuildPhase;
			buildActionMask = 2147483647;
			files = (
				F44D3F4729ACEEB400EB4A25 /* GBShopUITests.swift in Sources */,
				F44D3F4929ACEEB400EB4A25 /* GBShopUITestsLaunchTests.swift in Sources */,
			);
			runOnlyForDeploymentPostprocessing = 0;
		};
/* End PBXSourcesBuildPhase section */

/* Begin PBXTargetDependency section */
		F44D3F3A29ACEEB400EB4A25 /* PBXTargetDependency */ = {
			isa = PBXTargetDependency;
			target = F44D3F2129ACEEAC00EB4A25 /* GBShop */;
			targetProxy = F44D3F3929ACEEB400EB4A25 /* PBXContainerItemProxy */;
		};
		F44D3F4429ACEEB400EB4A25 /* PBXTargetDependency */ = {
			isa = PBXTargetDependency;
			target = F44D3F2129ACEEAC00EB4A25 /* GBShop */;
			targetProxy = F44D3F4329ACEEB400EB4A25 /* PBXContainerItemProxy */;
		};
/* End PBXTargetDependency section */

/* Begin PBXVariantGroup section */
		F44D3F3029ACEEB400EB4A25 /* LaunchScreen.storyboard */ = {
			isa = PBXVariantGroup;
			children = (
				F44D3F3129ACEEB400EB4A25 /* Base */,
			);
			name = LaunchScreen.storyboard;
			sourceTree = "<group>";
		};
/* End PBXVariantGroup section */

/* Begin XCBuildConfiguration section */
		F44D3F4A29ACEEB400EB4A25 /* Debug */ = {
			isa = XCBuildConfiguration;
			buildSettings = {
				ALWAYS_SEARCH_USER_PATHS = NO;
				CLANG_ANALYZER_NONNULL = YES;
				CLANG_ANALYZER_NUMBER_OBJECT_CONVERSION = YES_AGGRESSIVE;
				CLANG_CXX_LANGUAGE_STANDARD = "gnu++20";
				CLANG_ENABLE_MODULES = YES;
				CLANG_ENABLE_OBJC_ARC = YES;
				CLANG_ENABLE_OBJC_WEAK = YES;
				CLANG_WARN_BLOCK_CAPTURE_AUTORELEASING = YES;
				CLANG_WARN_BOOL_CONVERSION = YES;
				CLANG_WARN_COMMA = YES;
				CLANG_WARN_CONSTANT_CONVERSION = YES;
				CLANG_WARN_DEPRECATED_OBJC_IMPLEMENTATIONS = YES;
				CLANG_WARN_DIRECT_OBJC_ISA_USAGE = YES_ERROR;
				CLANG_WARN_DOCUMENTATION_COMMENTS = YES;
				CLANG_WARN_EMPTY_BODY = YES;
				CLANG_WARN_ENUM_CONVERSION = YES;
				CLANG_WARN_INFINITE_RECURSION = YES;
				CLANG_WARN_INT_CONVERSION = YES;
				CLANG_WARN_NON_LITERAL_NULL_CONVERSION = YES;
				CLANG_WARN_OBJC_IMPLICIT_RETAIN_SELF = YES;
				CLANG_WARN_OBJC_LITERAL_CONVERSION = YES;
				CLANG_WARN_OBJC_ROOT_CLASS = YES_ERROR;
				CLANG_WARN_QUOTED_INCLUDE_IN_FRAMEWORK_HEADER = YES;
				CLANG_WARN_RANGE_LOOP_ANALYSIS = YES;
				CLANG_WARN_STRICT_PROTOTYPES = YES;
				CLANG_WARN_SUSPICIOUS_MOVE = YES;
				CLANG_WARN_UNGUARDED_AVAILABILITY = YES_AGGRESSIVE;
				CLANG_WARN_UNREACHABLE_CODE = YES;
				CLANG_WARN__DUPLICATE_METHOD_MATCH = YES;
				COPY_PHASE_STRIP = NO;
				DEBUG_INFORMATION_FORMAT = dwarf;
				ENABLE_STRICT_OBJC_MSGSEND = YES;
				ENABLE_TESTABILITY = YES;
				GCC_C_LANGUAGE_STANDARD = gnu11;
				GCC_DYNAMIC_NO_PIC = NO;
				GCC_NO_COMMON_BLOCKS = YES;
				GCC_OPTIMIZATION_LEVEL = 0;
				GCC_PREPROCESSOR_DEFINITIONS = (
					"DEBUG=1",
					"$(inherited)",
				);
				GCC_WARN_64_TO_32_BIT_CONVERSION = YES;
				GCC_WARN_ABOUT_RETURN_TYPE = YES_ERROR;
				GCC_WARN_UNDECLARED_SELECTOR = YES;
				GCC_WARN_UNINITIALIZED_AUTOS = YES_AGGRESSIVE;
				GCC_WARN_UNUSED_FUNCTION = YES;
				GCC_WARN_UNUSED_VARIABLE = YES;
				IPHONEOS_DEPLOYMENT_TARGET = 16.1;
				MTL_ENABLE_DEBUG_INFO = INCLUDE_SOURCE;
				MTL_FAST_MATH = YES;
				ONLY_ACTIVE_ARCH = YES;
				SDKROOT = iphoneos;
				SWIFT_ACTIVE_COMPILATION_CONDITIONS = DEBUG;
				SWIFT_OPTIMIZATION_LEVEL = "-Onone";
			};
			name = Debug;
		};
		F44D3F4B29ACEEB400EB4A25 /* Release */ = {
			isa = XCBuildConfiguration;
			buildSettings = {
				ALWAYS_SEARCH_USER_PATHS = NO;
				CLANG_ANALYZER_NONNULL = YES;
				CLANG_ANALYZER_NUMBER_OBJECT_CONVERSION = YES_AGGRESSIVE;
				CLANG_CXX_LANGUAGE_STANDARD = "gnu++20";
				CLANG_ENABLE_MODULES = YES;
				CLANG_ENABLE_OBJC_ARC = YES;
				CLANG_ENABLE_OBJC_WEAK = YES;
				CLANG_WARN_BLOCK_CAPTURE_AUTORELEASING = YES;
				CLANG_WARN_BOOL_CONVERSION = YES;
				CLANG_WARN_COMMA = YES;
				CLANG_WARN_CONSTANT_CONVERSION = YES;
				CLANG_WARN_DEPRECATED_OBJC_IMPLEMENTATIONS = YES;
				CLANG_WARN_DIRECT_OBJC_ISA_USAGE = YES_ERROR;
				CLANG_WARN_DOCUMENTATION_COMMENTS = YES;
				CLANG_WARN_EMPTY_BODY = YES;
				CLANG_WARN_ENUM_CONVERSION = YES;
				CLANG_WARN_INFINITE_RECURSION = YES;
				CLANG_WARN_INT_CONVERSION = YES;
				CLANG_WARN_NON_LITERAL_NULL_CONVERSION = YES;
				CLANG_WARN_OBJC_IMPLICIT_RETAIN_SELF = YES;
				CLANG_WARN_OBJC_LITERAL_CONVERSION = YES;
				CLANG_WARN_OBJC_ROOT_CLASS = YES_ERROR;
				CLANG_WARN_QUOTED_INCLUDE_IN_FRAMEWORK_HEADER = YES;
				CLANG_WARN_RANGE_LOOP_ANALYSIS = YES;
				CLANG_WARN_STRICT_PROTOTYPES = YES;
				CLANG_WARN_SUSPICIOUS_MOVE = YES;
				CLANG_WARN_UNGUARDED_AVAILABILITY = YES_AGGRESSIVE;
				CLANG_WARN_UNREACHABLE_CODE = YES;
				CLANG_WARN__DUPLICATE_METHOD_MATCH = YES;
				COPY_PHASE_STRIP = NO;
				DEBUG_INFORMATION_FORMAT = "dwarf-with-dsym";
				ENABLE_NS_ASSERTIONS = NO;
				ENABLE_STRICT_OBJC_MSGSEND = YES;
				GCC_C_LANGUAGE_STANDARD = gnu11;
				GCC_NO_COMMON_BLOCKS = YES;
				GCC_WARN_64_TO_32_BIT_CONVERSION = YES;
				GCC_WARN_ABOUT_RETURN_TYPE = YES_ERROR;
				GCC_WARN_UNDECLARED_SELECTOR = YES;
				GCC_WARN_UNINITIALIZED_AUTOS = YES_AGGRESSIVE;
				GCC_WARN_UNUSED_FUNCTION = YES;
				GCC_WARN_UNUSED_VARIABLE = YES;
				IPHONEOS_DEPLOYMENT_TARGET = 16.1;
				MTL_ENABLE_DEBUG_INFO = NO;
				MTL_FAST_MATH = YES;
				SDKROOT = iphoneos;
				SWIFT_COMPILATION_MODE = wholemodule;
				SWIFT_OPTIMIZATION_LEVEL = "-O";
				VALIDATE_PRODUCT = YES;
			};
			name = Release;
		};
		F44D3F4D29ACEEB400EB4A25 /* Debug */ = {
			isa = XCBuildConfiguration;
			buildSettings = {
				ASSETCATALOG_COMPILER_APPICON_NAME = AppIcon;
				ASSETCATALOG_COMPILER_GLOBAL_ACCENT_COLOR_NAME = AccentColor;
				CODE_SIGN_STYLE = Automatic;
				CURRENT_PROJECT_VERSION = 1;
				GENERATE_INFOPLIST_FILE = YES;
				INFOPLIST_FILE = GBShop/Info.plist;
				INFOPLIST_KEY_UIApplicationSupportsIndirectInputEvents = YES;
				INFOPLIST_KEY_UILaunchStoryboardName = LaunchScreen;
				INFOPLIST_KEY_UIMainStoryboardFile = Main;
				INFOPLIST_KEY_UISupportedInterfaceOrientations_iPad = "UIInterfaceOrientationPortrait UIInterfaceOrientationPortraitUpsideDown UIInterfaceOrientationLandscapeLeft UIInterfaceOrientationLandscapeRight";
				INFOPLIST_KEY_UISupportedInterfaceOrientations_iPhone = "UIInterfaceOrientationPortrait UIInterfaceOrientationLandscapeLeft UIInterfaceOrientationLandscapeRight";
				LD_RUNPATH_SEARCH_PATHS = (
					"$(inherited)",
					"@executable_path/Frameworks",
				);
				MARKETING_VERSION = 1.0;
				PRODUCT_BUNDLE_IDENTIFIER = tilek.koszhanov.GBShop;
				PRODUCT_NAME = "$(TARGET_NAME)";
				SWIFT_EMIT_LOC_STRINGS = YES;
				SWIFT_VERSION = 5.0;
				TARGETED_DEVICE_FAMILY = "1,2";
			};
			name = Debug;
		};
		F44D3F4E29ACEEB400EB4A25 /* Release */ = {
			isa = XCBuildConfiguration;
			buildSettings = {
				ASSETCATALOG_COMPILER_APPICON_NAME = AppIcon;
				ASSETCATALOG_COMPILER_GLOBAL_ACCENT_COLOR_NAME = AccentColor;
				CODE_SIGN_STYLE = Automatic;
				CURRENT_PROJECT_VERSION = 1;
				GENERATE_INFOPLIST_FILE = YES;
				INFOPLIST_FILE = GBShop/Info.plist;
				INFOPLIST_KEY_UIApplicationSupportsIndirectInputEvents = YES;
				INFOPLIST_KEY_UILaunchStoryboardName = LaunchScreen;
				INFOPLIST_KEY_UIMainStoryboardFile = Main;
				INFOPLIST_KEY_UISupportedInterfaceOrientations_iPad = "UIInterfaceOrientationPortrait UIInterfaceOrientationPortraitUpsideDown UIInterfaceOrientationLandscapeLeft UIInterfaceOrientationLandscapeRight";
				INFOPLIST_KEY_UISupportedInterfaceOrientations_iPhone = "UIInterfaceOrientationPortrait UIInterfaceOrientationLandscapeLeft UIInterfaceOrientationLandscapeRight";
				LD_RUNPATH_SEARCH_PATHS = (
					"$(inherited)",
					"@executable_path/Frameworks",
				);
				MARKETING_VERSION = 1.0;
				PRODUCT_BUNDLE_IDENTIFIER = tilek.koszhanov.GBShop;
				PRODUCT_NAME = "$(TARGET_NAME)";
				SWIFT_EMIT_LOC_STRINGS = YES;
				SWIFT_VERSION = 5.0;
				TARGETED_DEVICE_FAMILY = "1,2";
			};
			name = Release;
		};
		F44D3F5029ACEEB400EB4A25 /* Debug */ = {
			isa = XCBuildConfiguration;
			buildSettings = {
				ALWAYS_EMBED_SWIFT_STANDARD_LIBRARIES = YES;
				BUNDLE_LOADER = "$(TEST_HOST)";
				CODE_SIGN_STYLE = Automatic;
				CURRENT_PROJECT_VERSION = 1;
				GENERATE_INFOPLIST_FILE = YES;
				IPHONEOS_DEPLOYMENT_TARGET = 16.1;
				MARKETING_VERSION = 1.0;
				PRODUCT_BUNDLE_IDENTIFIER = tilek.koszhanov.GBShopTests;
				PRODUCT_NAME = "$(TARGET_NAME)";
				SWIFT_EMIT_LOC_STRINGS = NO;
				SWIFT_VERSION = 5.0;
				TARGETED_DEVICE_FAMILY = "1,2";
				TEST_HOST = "$(BUILT_PRODUCTS_DIR)/GBShop.app/$(BUNDLE_EXECUTABLE_FOLDER_PATH)/GBShop";
			};
			name = Debug;
		};
		F44D3F5129ACEEB400EB4A25 /* Release */ = {
			isa = XCBuildConfiguration;
			buildSettings = {
				ALWAYS_EMBED_SWIFT_STANDARD_LIBRARIES = YES;
				BUNDLE_LOADER = "$(TEST_HOST)";
				CODE_SIGN_STYLE = Automatic;
				CURRENT_PROJECT_VERSION = 1;
				GENERATE_INFOPLIST_FILE = YES;
				IPHONEOS_DEPLOYMENT_TARGET = 16.1;
				MARKETING_VERSION = 1.0;
				PRODUCT_BUNDLE_IDENTIFIER = tilek.koszhanov.GBShopTests;
				PRODUCT_NAME = "$(TARGET_NAME)";
				SWIFT_EMIT_LOC_STRINGS = NO;
				SWIFT_VERSION = 5.0;
				TARGETED_DEVICE_FAMILY = "1,2";
				TEST_HOST = "$(BUILT_PRODUCTS_DIR)/GBShop.app/$(BUNDLE_EXECUTABLE_FOLDER_PATH)/GBShop";
			};
			name = Release;
		};
		F44D3F5329ACEEB400EB4A25 /* Debug */ = {
			isa = XCBuildConfiguration;
			buildSettings = {
				ALWAYS_EMBED_SWIFT_STANDARD_LIBRARIES = YES;
				CODE_SIGN_STYLE = Automatic;
				CURRENT_PROJECT_VERSION = 1;
				GENERATE_INFOPLIST_FILE = YES;
				MARKETING_VERSION = 1.0;
				PRODUCT_BUNDLE_IDENTIFIER = tilek.koszhanov.GBShopUITests;
				PRODUCT_NAME = "$(TARGET_NAME)";
				SWIFT_EMIT_LOC_STRINGS = NO;
				SWIFT_VERSION = 5.0;
				TARGETED_DEVICE_FAMILY = "1,2";
				TEST_TARGET_NAME = GBShop;
			};
			name = Debug;
		};
		F44D3F5429ACEEB400EB4A25 /* Release */ = {
			isa = XCBuildConfiguration;
			buildSettings = {
				ALWAYS_EMBED_SWIFT_STANDARD_LIBRARIES = YES;
				CODE_SIGN_STYLE = Automatic;
				CURRENT_PROJECT_VERSION = 1;
				GENERATE_INFOPLIST_FILE = YES;
				MARKETING_VERSION = 1.0;
				PRODUCT_BUNDLE_IDENTIFIER = tilek.koszhanov.GBShopUITests;
				PRODUCT_NAME = "$(TARGET_NAME)";
				SWIFT_EMIT_LOC_STRINGS = NO;
				SWIFT_VERSION = 5.0;
				TARGETED_DEVICE_FAMILY = "1,2";
				TEST_TARGET_NAME = GBShop;
			};
			name = Release;
		};
/* End XCBuildConfiguration section */

/* Begin XCConfigurationList section */
		F44D3F1D29ACEEAC00EB4A25 /* Build configuration list for PBXProject "GBShop" */ = {
			isa = XCConfigurationList;
			buildConfigurations = (
				F44D3F4A29ACEEB400EB4A25 /* Debug */,
				F44D3F4B29ACEEB400EB4A25 /* Release */,
			);
			defaultConfigurationIsVisible = 0;
			defaultConfigurationName = Release;
		};
		F44D3F4C29ACEEB400EB4A25 /* Build configuration list for PBXNativeTarget "GBShop" */ = {
			isa = XCConfigurationList;
			buildConfigurations = (
				F44D3F4D29ACEEB400EB4A25 /* Debug */,
				F44D3F4E29ACEEB400EB4A25 /* Release */,
			);
			defaultConfigurationIsVisible = 0;
			defaultConfigurationName = Release;
		};
		F44D3F4F29ACEEB400EB4A25 /* Build configuration list for PBXNativeTarget "GBShopTests" */ = {
			isa = XCConfigurationList;
			buildConfigurations = (
				F44D3F5029ACEEB400EB4A25 /* Debug */,
				F44D3F5129ACEEB400EB4A25 /* Release */,
			);
			defaultConfigurationIsVisible = 0;
			defaultConfigurationName = Release;
		};
		F44D3F5229ACEEB400EB4A25 /* Build configuration list for PBXNativeTarget "GBShopUITests" */ = {
			isa = XCConfigurationList;
			buildConfigurations = (
				F44D3F5329ACEEB400EB4A25 /* Debug */,
				F44D3F5429ACEEB400EB4A25 /* Release */,
			);
			defaultConfigurationIsVisible = 0;
			defaultConfigurationName = Release;
		};
/* End XCConfigurationList section */

/* Begin XCRemoteSwiftPackageReference section */
		F44D3F8829B0F6E800EB4A25 /* XCRemoteSwiftPackageReference "Alamofire" */ = {
			isa = XCRemoteSwiftPackageReference;
			repositoryURL = "https://github.com/Alamofire/Alamofire.git";
			requirement = {
				branch = master;
				kind = branch;
			};
		};
/* End XCRemoteSwiftPackageReference section */

/* Begin XCSwiftPackageProductDependency section */
		F44D3F8929B0F6E800EB4A25 /* Alamofire */ = {
			isa = XCSwiftPackageProductDependency;
			package = F44D3F8829B0F6E800EB4A25 /* XCRemoteSwiftPackageReference "Alamofire" */;
			productName = Alamofire;
		};
/* End XCSwiftPackageProductDependency section */
	};
	rootObject = F44D3F1A29ACEEAC00EB4A25 /* Project object */;
}
